
Microsoft Visual Studio Solution File, Format Version 12.00
# Visual Studio Version 17
VisualStudioVersion = 17.0.31903.59
MinimumVisualStudioVersion = 10.0.40219.1
Project("{9A19103F-16F7-4668-BE54-9A1E7A4F7556}") = "CarbonAware.CLI", "CarbonAware.CLI\CarbonAware.CLI.csproj", "{D057DD75-CFFA-496F-B493-171E122AC91D}"
EndProject
Project("{9A19103F-16F7-4668-BE54-9A1E7A4F7556}") = "CarbonAware.Tests", "CarbonAware\tests\CarbonAware.Tests.csproj", "{B9F70F0B-D825-4979-9945-CBA2DFCCF02B}"
EndProject
Project("{9A19103F-16F7-4668-BE54-9A1E7A4F7556}") = "CarbonAware", "CarbonAware\src\CarbonAware.csproj", "{0682A5B1-22C2-4ADB-8C46-ABAB78E628FE}"
EndProject
Project("{9A19103F-16F7-4668-BE54-9A1E7A4F7556}") = "CarbonAware.Tools.AWSRegionTestDataGenerator", "CarbonAware.Tools\CarbonAware.Tools.AWSRegionTestDataGenerator\CarbonAware.Tools.AWSRegionTestDataGenerator.csproj", "{B7F016DE-C6D6-4993-93F4-99B8B9A40381}"
EndProject
Project("{9A19103F-16F7-4668-BE54-9A1E7A4F7556}") = "CarbonAware.Tools.AzureRegionTestDataGenerator", "CarbonAware.Tools\CarbonAware.Tools.AzureRegionTestDataGenerator\CarbonAware.Tools.AzureRegionTestDataGenerator.csproj", "{1A3066C4-D437-4089-ACFD-36600880DA0B}"
EndProject
Project("{9A19103F-16F7-4668-BE54-9A1E7A4F7556}") = "CarbonAware.Plugins.BasicJsonPlugin", "CarbonAware.Plugins\CarbonAware.Plugins.BasicJsonPlugin\src\CarbonAware.Plugins.BasicJsonPlugin.csproj", "{A24B68C1-EACC-4094-83D5-822DADD6CF50}"
EndProject
Project("{9A19103F-16F7-4668-BE54-9A1E7A4F7556}") = "CarbonAware.Plugins.BasicJsonPlugin.Tests", "CarbonAware.Plugins\CarbonAware.Plugins.BasicJsonPlugin\tests\CarbonAware.Plugins.BasicJsonPlugin.Tests.csproj", "{68686DE6-0E5B-4DE2-9D22-6428D2D682AD}"
EndProject
Project("{9A19103F-16F7-4668-BE54-9A1E7A4F7556}") = "CarbonAware.Tools.WattTimeClient", "CarbonAware.Tools\CarbonAware.Tools.WattTimeClient\src\CarbonAware.Tools.WattTimeClient.csproj", "{C520A2A9-C67C-4319-BA96-9E9B520358AF}"
EndProject
Project("{9A19103F-16F7-4668-BE54-9A1E7A4F7556}") = "CarbonAware.Tools.WattTimeClient.Tests", "CarbonAware.Tools\CarbonAware.Tools.WattTimeClient\tests\CarbonAware.Tools.WattTimeClient.Tests.csproj", "{0CDB29BC-4D74-48CA-92FC-F3AC27CDE73D}"
EndProject
Project("{9A19103F-16F7-4668-BE54-9A1E7A4F7556}") = "CarbonAware.WebApi", "CarbonAware.WebApi\src\CarbonAware.WebApi.csproj", "{4D4FE21A-0F4A-4CB8-B200-9619C03856A5}"
EndProject
Global
	GlobalSection(SolutionConfigurationPlatforms) = preSolution
		Debug|Any CPU = Debug|Any CPU
		Release|Any CPU = Release|Any CPU
	EndGlobalSection
	GlobalSection(ProjectConfigurationPlatforms) = postSolution
		{D057DD75-CFFA-496F-B493-171E122AC91D}.Debug|Any CPU.ActiveCfg = Debug|Any CPU
		{D057DD75-CFFA-496F-B493-171E122AC91D}.Debug|Any CPU.Build.0 = Debug|Any CPU
		{D057DD75-CFFA-496F-B493-171E122AC91D}.Release|Any CPU.ActiveCfg = Release|Any CPU
		{D057DD75-CFFA-496F-B493-171E122AC91D}.Release|Any CPU.Build.0 = Release|Any CPU
		{B9F70F0B-D825-4979-9945-CBA2DFCCF02B}.Debug|Any CPU.ActiveCfg = Debug|Any CPU
		{B9F70F0B-D825-4979-9945-CBA2DFCCF02B}.Debug|Any CPU.Build.0 = Debug|Any CPU
		{B9F70F0B-D825-4979-9945-CBA2DFCCF02B}.Release|Any CPU.ActiveCfg = Release|Any CPU
		{B9F70F0B-D825-4979-9945-CBA2DFCCF02B}.Release|Any CPU.Build.0 = Release|Any CPU
		{0682A5B1-22C2-4ADB-8C46-ABAB78E628FE}.Debug|Any CPU.ActiveCfg = Debug|Any CPU
		{0682A5B1-22C2-4ADB-8C46-ABAB78E628FE}.Debug|Any CPU.Build.0 = Debug|Any CPU
		{0682A5B1-22C2-4ADB-8C46-ABAB78E628FE}.Release|Any CPU.ActiveCfg = Release|Any CPU
		{0682A5B1-22C2-4ADB-8C46-ABAB78E628FE}.Release|Any CPU.Build.0 = Release|Any CPU
		{B7F016DE-C6D6-4993-93F4-99B8B9A40381}.Debug|Any CPU.ActiveCfg = Debug|Any CPU
		{B7F016DE-C6D6-4993-93F4-99B8B9A40381}.Debug|Any CPU.Build.0 = Debug|Any CPU
		{B7F016DE-C6D6-4993-93F4-99B8B9A40381}.Release|Any CPU.ActiveCfg = Release|Any CPU
		{B7F016DE-C6D6-4993-93F4-99B8B9A40381}.Release|Any CPU.Build.0 = Release|Any CPU
		{1A3066C4-D437-4089-ACFD-36600880DA0B}.Debug|Any CPU.ActiveCfg = Debug|Any CPU
		{1A3066C4-D437-4089-ACFD-36600880DA0B}.Debug|Any CPU.Build.0 = Debug|Any CPU
		{1A3066C4-D437-4089-ACFD-36600880DA0B}.Release|Any CPU.ActiveCfg = Release|Any CPU
		{1A3066C4-D437-4089-ACFD-36600880DA0B}.Release|Any CPU.Build.0 = Release|Any CPU
		{A24B68C1-EACC-4094-83D5-822DADD6CF50}.Debug|Any CPU.ActiveCfg = Debug|Any CPU
		{A24B68C1-EACC-4094-83D5-822DADD6CF50}.Debug|Any CPU.Build.0 = Debug|Any CPU
		{A24B68C1-EACC-4094-83D5-822DADD6CF50}.Release|Any CPU.ActiveCfg = Release|Any CPU
		{A24B68C1-EACC-4094-83D5-822DADD6CF50}.Release|Any CPU.Build.0 = Release|Any CPU
		{68686DE6-0E5B-4DE2-9D22-6428D2D682AD}.Debug|Any CPU.ActiveCfg = Debug|Any CPU
		{68686DE6-0E5B-4DE2-9D22-6428D2D682AD}.Debug|Any CPU.Build.0 = Debug|Any CPU
		{68686DE6-0E5B-4DE2-9D22-6428D2D682AD}.Release|Any CPU.ActiveCfg = Release|Any CPU
		{68686DE6-0E5B-4DE2-9D22-6428D2D682AD}.Release|Any CPU.Build.0 = Release|Any CPU
		{C520A2A9-C67C-4319-BA96-9E9B520358AF}.Debug|Any CPU.ActiveCfg = Debug|Any CPU
		{C520A2A9-C67C-4319-BA96-9E9B520358AF}.Debug|Any CPU.Build.0 = Debug|Any CPU
		{C520A2A9-C67C-4319-BA96-9E9B520358AF}.Release|Any CPU.ActiveCfg = Release|Any CPU
		{C520A2A9-C67C-4319-BA96-9E9B520358AF}.Release|Any CPU.Build.0 = Release|Any CPU
		{0CDB29BC-4D74-48CA-92FC-F3AC27CDE73D}.Debug|Any CPU.ActiveCfg = Debug|Any CPU
		{0CDB29BC-4D74-48CA-92FC-F3AC27CDE73D}.Debug|Any CPU.Build.0 = Debug|Any CPU
		{0CDB29BC-4D74-48CA-92FC-F3AC27CDE73D}.Release|Any CPU.ActiveCfg = Release|Any CPU
		{0CDB29BC-4D74-48CA-92FC-F3AC27CDE73D}.Release|Any CPU.Build.0 = Release|Any CPU
		{4D4FE21A-0F4A-4CB8-B200-9619C03856A5}.Debug|Any CPU.ActiveCfg = Debug|Any CPU
		{4D4FE21A-0F4A-4CB8-B200-9619C03856A5}.Debug|Any CPU.Build.0 = Debug|Any CPU
		{4D4FE21A-0F4A-4CB8-B200-9619C03856A5}.Release|Any CPU.ActiveCfg = Release|Any CPU
		{4D4FE21A-0F4A-4CB8-B200-9619C03856A5}.Release|Any CPU.Build.0 = Release|Any CPU
	EndGlobalSection
	GlobalSection(SolutionProperties) = preSolution
		HideSolutionNode = FALSE
	EndGlobalSection
	GlobalSection(ExtensibilityGlobals) = postSolution
		SolutionGuid = {B21A5E96-73BC-4BC1-86C7-4A4FE4634C34}
	EndGlobalSection
EndGlobal
